// !$*UTF8*$!
{
	archiveVersion = 1;
	classes = {
	};
	objectVersion = 55;
	objects = {

/* Begin PBXBuildFile section */
		A3C5716D2895B00F00BFEB17 /* AppDelegate.swift in Sources */ = {isa = PBXBuildFile; fileRef = A3C5716C2895B00F00BFEB17 /* AppDelegate.swift */; };
		A3C5716F2895B00F00BFEB17 /* SceneDelegate.swift in Sources */ = {isa = PBXBuildFile; fileRef = A3C5716E2895B00F00BFEB17 /* SceneDelegate.swift */; };
		A3C571762895B01100BFEB17 /* Assets.xcassets in Resources */ = {isa = PBXBuildFile; fileRef = A3C571752895B01100BFEB17 /* Assets.xcassets */; };
		A3C571792895B01100BFEB17 /* LaunchScreen.storyboard in Resources */ = {isa = PBXBuildFile; fileRef = A3C571772895B01100BFEB17 /* LaunchScreen.storyboard */; };
		A3C571842895B01100BFEB17 /* DeezerTests.swift in Sources */ = {isa = PBXBuildFile; fileRef = A3C571832895B01100BFEB17 /* DeezerTests.swift */; };
		A3C5718E2895B01100BFEB17 /* DeezerUITests.swift in Sources */ = {isa = PBXBuildFile; fileRef = A3C5718D2895B01100BFEB17 /* DeezerUITests.swift */; };
		A3C571902895B01100BFEB17 /* DeezerUITestsLaunchTests.swift in Sources */ = {isa = PBXBuildFile; fileRef = A3C5718F2895B01100BFEB17 /* DeezerUITestsLaunchTests.swift */; };
		A3C571A12895B12D00BFEB17 /* InitialViewController.swift in Sources */ = {isa = PBXBuildFile; fileRef = A3C571A02895B12D00BFEB17 /* InitialViewController.swift */; };
		A3C571A62895B42200BFEB17 /* UIColor+Deezer.swift in Sources */ = {isa = PBXBuildFile; fileRef = A3C571A52895B42200BFEB17 /* UIColor+Deezer.swift */; };
		A3C571AA2895B4AB00BFEB17 /* GenerateUIColor.swift in Sources */ = {isa = PBXBuildFile; fileRef = A3C571A92895B4AB00BFEB17 /* GenerateUIColor.swift */; };
		A3C571AD2895B4EC00BFEB17 /* UIImage+Deezer.swift in Sources */ = {isa = PBXBuildFile; fileRef = A3C571AC2895B4EC00BFEB17 /* UIImage+Deezer.swift */; };
		A3C571AF2895B51A00BFEB17 /* GenerateUIImage.swift in Sources */ = {isa = PBXBuildFile; fileRef = A3C571AE2895B51A00BFEB17 /* GenerateUIImage.swift */; };
		A3C571B12895B56900BFEB17 /* InitialView.swift in Sources */ = {isa = PBXBuildFile; fileRef = A3C571B02895B56900BFEB17 /* InitialView.swift */; };
		A3C571B42895B65700BFEB17 /* Stylable.swift in Sources */ = {isa = PBXBuildFile; fileRef = A3C571B32895B65700BFEB17 /* Stylable.swift */; };
		A3C571B72895B6AA00BFEB17 /* UIView+Deezer.swift in Sources */ = {isa = PBXBuildFile; fileRef = A3C571B62895B6AA00BFEB17 /* UIView+Deezer.swift */; };
		A3C571B92895B7AF00BFEB17 /* Dimen.swift in Sources */ = {isa = PBXBuildFile; fileRef = A3C571B82895B7AF00BFEB17 /* Dimen.swift */; };
		A3C571BD2895B9E500BFEB17 /* PrimaryButton.swift in Sources */ = {isa = PBXBuildFile; fileRef = A3C571BC2895B9E500BFEB17 /* PrimaryButton.swift */; };
		A3C571BF2895BCD800BFEB17 /* SecondaryButton.swift in Sources */ = {isa = PBXBuildFile; fileRef = A3C571BE2895BCD800BFEB17 /* SecondaryButton.swift */; };
		A3C571C22895BFFD00BFEB17 /* LoginViewController.swift in Sources */ = {isa = PBXBuildFile; fileRef = A3C571C12895BFFD00BFEB17 /* LoginViewController.swift */; };
		A3C571C42895C03000BFEB17 /* LoginView.swift in Sources */ = {isa = PBXBuildFile; fileRef = A3C571C32895C03000BFEB17 /* LoginView.swift */; };
		A3C571C62895C38500BFEB17 /* Navigation.swift in Sources */ = {isa = PBXBuildFile; fileRef = A3C571C52895C38500BFEB17 /* Navigation.swift */; };
		A3C571C92895CB2900BFEB17 /* InputTextField.swift in Sources */ = {isa = PBXBuildFile; fileRef = A3C571C82895CB2900BFEB17 /* InputTextField.swift */; };
		A3C571CC2895D18300BFEB17 /* RegisterViewController.swift in Sources */ = {isa = PBXBuildFile; fileRef = A3C571CB2895D18300BFEB17 /* RegisterViewController.swift */; };
		A3C571CE2895D19F00BFEB17 /* RegisterView.swift in Sources */ = {isa = PBXBuildFile; fileRef = A3C571CD2895D19F00BFEB17 /* RegisterView.swift */; };
/* End PBXBuildFile section */

/* Begin PBXContainerItemProxy section */
		A3C571802895B01100BFEB17 /* PBXContainerItemProxy */ = {
			isa = PBXContainerItemProxy;
			containerPortal = A3C571612895B00F00BFEB17 /* Project object */;
			proxyType = 1;
			remoteGlobalIDString = A3C571682895B00F00BFEB17;
			remoteInfo = Deezer;
		};
		A3C5718A2895B01100BFEB17 /* PBXContainerItemProxy */ = {
			isa = PBXContainerItemProxy;
			containerPortal = A3C571612895B00F00BFEB17 /* Project object */;
			proxyType = 1;
			remoteGlobalIDString = A3C571682895B00F00BFEB17;
			remoteInfo = Deezer;
		};
/* End PBXContainerItemProxy section */

/* Begin PBXFileReference section */
		A3C571692895B00F00BFEB17 /* Deezer.app */ = {isa = PBXFileReference; explicitFileType = wrapper.application; includeInIndex = 0; path = Deezer.app; sourceTree = BUILT_PRODUCTS_DIR; };
		A3C5716C2895B00F00BFEB17 /* AppDelegate.swift */ = {isa = PBXFileReference; lastKnownFileType = sourcecode.swift; path = AppDelegate.swift; sourceTree = "<group>"; };
		A3C5716E2895B00F00BFEB17 /* SceneDelegate.swift */ = {isa = PBXFileReference; lastKnownFileType = sourcecode.swift; path = SceneDelegate.swift; sourceTree = "<group>"; };
		A3C571752895B01100BFEB17 /* Assets.xcassets */ = {isa = PBXFileReference; lastKnownFileType = folder.assetcatalog; path = Assets.xcassets; sourceTree = "<group>"; };
		A3C571782895B01100BFEB17 /* Base */ = {isa = PBXFileReference; lastKnownFileType = file.storyboard; name = Base; path = Base.lproj/LaunchScreen.storyboard; sourceTree = "<group>"; };
		A3C5717A2895B01100BFEB17 /* Info.plist */ = {isa = PBXFileReference; lastKnownFileType = text.plist.xml; path = Info.plist; sourceTree = "<group>"; };
		A3C5717F2895B01100BFEB17 /* DeezerTests.xctest */ = {isa = PBXFileReference; explicitFileType = wrapper.cfbundle; includeInIndex = 0; path = DeezerTests.xctest; sourceTree = BUILT_PRODUCTS_DIR; };
		A3C571832895B01100BFEB17 /* DeezerTests.swift */ = {isa = PBXFileReference; lastKnownFileType = sourcecode.swift; path = DeezerTests.swift; sourceTree = "<group>"; };
		A3C571892895B01100BFEB17 /* DeezerUITests.xctest */ = {isa = PBXFileReference; explicitFileType = wrapper.cfbundle; includeInIndex = 0; path = DeezerUITests.xctest; sourceTree = BUILT_PRODUCTS_DIR; };
		A3C5718D2895B01100BFEB17 /* DeezerUITests.swift */ = {isa = PBXFileReference; lastKnownFileType = sourcecode.swift; path = DeezerUITests.swift; sourceTree = "<group>"; };
		A3C5718F2895B01100BFEB17 /* DeezerUITestsLaunchTests.swift */ = {isa = PBXFileReference; lastKnownFileType = sourcecode.swift; path = DeezerUITestsLaunchTests.swift; sourceTree = "<group>"; };
		A3C571A02895B12D00BFEB17 /* InitialViewController.swift */ = {isa = PBXFileReference; lastKnownFileType = sourcecode.swift; path = InitialViewController.swift; sourceTree = "<group>"; };
		A3C571A52895B42200BFEB17 /* UIColor+Deezer.swift */ = {isa = PBXFileReference; lastKnownFileType = sourcecode.swift; path = "UIColor+Deezer.swift"; sourceTree = "<group>"; };
		A3C571A92895B4AB00BFEB17 /* GenerateUIColor.swift */ = {isa = PBXFileReference; lastKnownFileType = sourcecode.swift; path = GenerateUIColor.swift; sourceTree = "<group>"; };
		A3C571AC2895B4EC00BFEB17 /* UIImage+Deezer.swift */ = {isa = PBXFileReference; lastKnownFileType = sourcecode.swift; path = "UIImage+Deezer.swift"; sourceTree = "<group>"; };
		A3C571AE2895B51A00BFEB17 /* GenerateUIImage.swift */ = {isa = PBXFileReference; lastKnownFileType = sourcecode.swift; path = GenerateUIImage.swift; sourceTree = "<group>"; };
		A3C571B02895B56900BFEB17 /* InitialView.swift */ = {isa = PBXFileReference; lastKnownFileType = sourcecode.swift; path = InitialView.swift; sourceTree = "<group>"; };
		A3C571B32895B65700BFEB17 /* Stylable.swift */ = {isa = PBXFileReference; lastKnownFileType = sourcecode.swift; path = Stylable.swift; sourceTree = "<group>"; };
		A3C571B62895B6AA00BFEB17 /* UIView+Deezer.swift */ = {isa = PBXFileReference; lastKnownFileType = sourcecode.swift; path = "UIView+Deezer.swift"; sourceTree = "<group>"; };
		A3C571B82895B7AF00BFEB17 /* Dimen.swift */ = {isa = PBXFileReference; lastKnownFileType = sourcecode.swift; path = Dimen.swift; sourceTree = "<group>"; };
		A3C571BC2895B9E500BFEB17 /* PrimaryButton.swift */ = {isa = PBXFileReference; lastKnownFileType = sourcecode.swift; path = PrimaryButton.swift; sourceTree = "<group>"; };
		A3C571BE2895BCD800BFEB17 /* SecondaryButton.swift */ = {isa = PBXFileReference; lastKnownFileType = sourcecode.swift; path = SecondaryButton.swift; sourceTree = "<group>"; };
		A3C571C12895BFFD00BFEB17 /* LoginViewController.swift */ = {isa = PBXFileReference; lastKnownFileType = sourcecode.swift; path = LoginViewController.swift; sourceTree = "<group>"; };
		A3C571C32895C03000BFEB17 /* LoginView.swift */ = {isa = PBXFileReference; lastKnownFileType = sourcecode.swift; path = LoginView.swift; sourceTree = "<group>"; };
		A3C571C52895C38500BFEB17 /* Navigation.swift */ = {isa = PBXFileReference; lastKnownFileType = sourcecode.swift; path = Navigation.swift; sourceTree = "<group>"; };
		A3C571C82895CB2900BFEB17 /* InputTextField.swift */ = {isa = PBXFileReference; lastKnownFileType = sourcecode.swift; path = InputTextField.swift; sourceTree = "<group>"; };
		A3C571CB2895D18300BFEB17 /* RegisterViewController.swift */ = {isa = PBXFileReference; lastKnownFileType = sourcecode.swift; path = RegisterViewController.swift; sourceTree = "<group>"; };
		A3C571CD2895D19F00BFEB17 /* RegisterView.swift */ = {isa = PBXFileReference; lastKnownFileType = sourcecode.swift; path = RegisterView.swift; sourceTree = "<group>"; };
/* End PBXFileReference section */

/* Begin PBXFrameworksBuildPhase section */
		A3C571662895B00F00BFEB17 /* Frameworks */ = {
			isa = PBXFrameworksBuildPhase;
			buildActionMask = 2147483647;
			files = (
			);
			runOnlyForDeploymentPostprocessing = 0;
		};
		A3C5717C2895B01100BFEB17 /* Frameworks */ = {
			isa = PBXFrameworksBuildPhase;
			buildActionMask = 2147483647;
			files = (
			);
			runOnlyForDeploymentPostprocessing = 0;
		};
		A3C571862895B01100BFEB17 /* Frameworks */ = {
			isa = PBXFrameworksBuildPhase;
			buildActionMask = 2147483647;
			files = (
			);
			runOnlyForDeploymentPostprocessing = 0;
		};
/* End PBXFrameworksBuildPhase section */

/* Begin PBXGroup section */
		A3C571602895B00F00BFEB17 = {
			isa = PBXGroup;
			children = (
				A3C5716B2895B00F00BFEB17 /* Deezer */,
				A3C571822895B01100BFEB17 /* DeezerTests */,
				A3C5718C2895B01100BFEB17 /* DeezerUITests */,
				A3C5716A2895B00F00BFEB17 /* Products */,
			);
			sourceTree = "<group>";
		};
		A3C5716A2895B00F00BFEB17 /* Products */ = {
			isa = PBXGroup;
			children = (
				A3C571692895B00F00BFEB17 /* Deezer.app */,
				A3C5717F2895B01100BFEB17 /* DeezerTests.xctest */,
				A3C571892895B01100BFEB17 /* DeezerUITests.xctest */,
			);
			name = Products;
			sourceTree = "<group>";
		};
		A3C5716B2895B00F00BFEB17 /* Deezer */ = {
			isa = PBXGroup;
			children = (
				A3C5717A2895B01100BFEB17 /* Info.plist */,
				A3C5719F2895B0D000BFEB17 /* Application */,
				A3C5719D2895B08700BFEB17 /* Presentation */,
				A3C571A22895B1A200BFEB17 /* Resources */,
				A3C571A32895B3EF00BFEB17 /* Supporting Files */,
			);
			path = Deezer;
			sourceTree = "<group>";
		};
		A3C571822895B01100BFEB17 /* DeezerTests */ = {
			isa = PBXGroup;
			children = (
				A3C571832895B01100BFEB17 /* DeezerTests.swift */,
			);
			path = DeezerTests;
			sourceTree = "<group>";
		};
		A3C5718C2895B01100BFEB17 /* DeezerUITests */ = {
			isa = PBXGroup;
			children = (
				A3C5718D2895B01100BFEB17 /* DeezerUITests.swift */,
				A3C5718F2895B01100BFEB17 /* DeezerUITestsLaunchTests.swift */,
			);
			path = DeezerUITests;
			sourceTree = "<group>";
		};
		A3C5719D2895B08700BFEB17 /* Presentation */ = {
			isa = PBXGroup;
			children = (
				A3C571CA2895D17100BFEB17 /* Register */,
				A3C571C02895BFED00BFEB17 /* Login */,
				A3C5719E2895B08D00BFEB17 /* Initial */,
			);
			path = Presentation;
			sourceTree = "<group>";
		};
		A3C5719E2895B08D00BFEB17 /* Initial */ = {
			isa = PBXGroup;
			children = (
				A3C571A02895B12D00BFEB17 /* InitialViewController.swift */,
				A3C571B02895B56900BFEB17 /* InitialView.swift */,
			);
			path = Initial;
			sourceTree = "<group>";
		};
		A3C5719F2895B0D000BFEB17 /* Application */ = {
			isa = PBXGroup;
			children = (
				A3C5716C2895B00F00BFEB17 /* AppDelegate.swift */,
				A3C5716E2895B00F00BFEB17 /* SceneDelegate.swift */,
			);
			path = Application;
			sourceTree = "<group>";
		};
		A3C571A22895B1A200BFEB17 /* Resources */ = {
			isa = PBXGroup;
			children = (
				A3C571BA2895B95400BFEB17 /* Components */,
				A3C571752895B01100BFEB17 /* Assets.xcassets */,
				A3C571772895B01100BFEB17 /* LaunchScreen.storyboard */,
			);
			path = Resources;
			sourceTree = "<group>";
		};
		A3C571A32895B3EF00BFEB17 /* Supporting Files */ = {
			isa = PBXGroup;
			children = (
				A3C571B22895B64A00BFEB17 /* Protocols */,
				A3C571A42895B40500BFEB17 /* Extentions */,
				A3C571B82895B7AF00BFEB17 /* Dimen.swift */,
			);
			path = "Supporting Files";
			sourceTree = "<group>";
		};
		A3C571A42895B40500BFEB17 /* Extentions */ = {
			isa = PBXGroup;
			children = (
				A3C571B52895B69F00BFEB17 /* UIView */,
				A3C571AB2895B4DE00BFEB17 /* UIImage */,
				A3C571A72895B45B00BFEB17 /* UIColor */,
			);
			path = Extentions;
			sourceTree = "<group>";
		};
		A3C571A72895B45B00BFEB17 /* UIColor */ = {
			isa = PBXGroup;
			children = (
				A3C571A52895B42200BFEB17 /* UIColor+Deezer.swift */,
				A3C571A92895B4AB00BFEB17 /* GenerateUIColor.swift */,
			);
			path = UIColor;
			sourceTree = "<group>";
		};
		A3C571AB2895B4DE00BFEB17 /* UIImage */ = {
			isa = PBXGroup;
			children = (
				A3C571AC2895B4EC00BFEB17 /* UIImage+Deezer.swift */,
				A3C571AE2895B51A00BFEB17 /* GenerateUIImage.swift */,
			);
			path = UIImage;
			sourceTree = "<group>";
		};
		A3C571B22895B64A00BFEB17 /* Protocols */ = {
			isa = PBXGroup;
			children = (
				A3C571B32895B65700BFEB17 /* Stylable.swift */,
				A3C571C52895C38500BFEB17 /* Navigation.swift */,
			);
			path = Protocols;
			sourceTree = "<group>";
		};
		A3C571B52895B69F00BFEB17 /* UIView */ = {
			isa = PBXGroup;
			children = (
				A3C571B62895B6AA00BFEB17 /* UIView+Deezer.swift */,
			);
			path = UIView;
			sourceTree = "<group>";
		};
		A3C571BA2895B95400BFEB17 /* Components */ = {
			isa = PBXGroup;
			children = (
				A3C571C72895C61E00BFEB17 /* Textfield */,
				A3C571BB2895B96400BFEB17 /* Buttons */,
			);
			path = Components;
			sourceTree = "<group>";
		};
		A3C571BB2895B96400BFEB17 /* Buttons */ = {
			isa = PBXGroup;
			children = (
				A3C571BC2895B9E500BFEB17 /* PrimaryButton.swift */,
				A3C571BE2895BCD800BFEB17 /* SecondaryButton.swift */,
			);
			path = Buttons;
			sourceTree = "<group>";
		};
		A3C571C02895BFED00BFEB17 /* Login */ = {
			isa = PBXGroup;
			children = (
				A3C571C12895BFFD00BFEB17 /* LoginViewController.swift */,
				A3C571C32895C03000BFEB17 /* LoginView.swift */,
			);
			path = Login;
			sourceTree = "<group>";
		};
		A3C571C72895C61E00BFEB17 /* Textfield */ = {
			isa = PBXGroup;
			children = (
				A3C571C82895CB2900BFEB17 /* InputTextField.swift */,
			);
			path = Textfield;
			sourceTree = "<group>";
		};
		A3C571CA2895D17100BFEB17 /* Register */ = {
			isa = PBXGroup;
			children = (
				A3C571CB2895D18300BFEB17 /* RegisterViewController.swift */,
				A3C571CD2895D19F00BFEB17 /* RegisterView.swift */,
			);
			path = Register;
			sourceTree = "<group>";
		};
/* End PBXGroup section */

/* Begin PBXNativeTarget section */
		A3C571682895B00F00BFEB17 /* Deezer */ = {
			isa = PBXNativeTarget;
			buildConfigurationList = A3C571932895B01100BFEB17 /* Build configuration list for PBXNativeTarget "Deezer" */;
			buildPhases = (
				A3C571652895B00F00BFEB17 /* Sources */,
				A3C571662895B00F00BFEB17 /* Frameworks */,
				A3C571672895B00F00BFEB17 /* Resources */,
			);
			buildRules = (
			);
			dependencies = (
			);
			name = Deezer;
			productName = Deezer;
			productReference = A3C571692895B00F00BFEB17 /* Deezer.app */;
			productType = "com.apple.product-type.application";
		};
		A3C5717E2895B01100BFEB17 /* DeezerTests */ = {
			isa = PBXNativeTarget;
			buildConfigurationList = A3C571962895B01100BFEB17 /* Build configuration list for PBXNativeTarget "DeezerTests" */;
			buildPhases = (
				A3C5717B2895B01100BFEB17 /* Sources */,
				A3C5717C2895B01100BFEB17 /* Frameworks */,
				A3C5717D2895B01100BFEB17 /* Resources */,
			);
			buildRules = (
			);
			dependencies = (
				A3C571812895B01100BFEB17 /* PBXTargetDependency */,
			);
			name = DeezerTests;
			productName = DeezerTests;
			productReference = A3C5717F2895B01100BFEB17 /* DeezerTests.xctest */;
			productType = "com.apple.product-type.bundle.unit-test";
		};
		A3C571882895B01100BFEB17 /* DeezerUITests */ = {
			isa = PBXNativeTarget;
			buildConfigurationList = A3C571992895B01100BFEB17 /* Build configuration list for PBXNativeTarget "DeezerUITests" */;
			buildPhases = (
				A3C571852895B01100BFEB17 /* Sources */,
				A3C571862895B01100BFEB17 /* Frameworks */,
				A3C571872895B01100BFEB17 /* Resources */,
			);
			buildRules = (
			);
			dependencies = (
				A3C5718B2895B01100BFEB17 /* PBXTargetDependency */,
			);
			name = DeezerUITests;
			productName = DeezerUITests;
			productReference = A3C571892895B01100BFEB17 /* DeezerUITests.xctest */;
			productType = "com.apple.product-type.bundle.ui-testing";
		};
/* End PBXNativeTarget section */

/* Begin PBXProject section */
		A3C571612895B00F00BFEB17 /* Project object */ = {
			isa = PBXProject;
			attributes = {
				BuildIndependentTargetsInParallel = 1;
				LastSwiftUpdateCheck = 1320;
				LastUpgradeCheck = 1320;
				TargetAttributes = {
					A3C571682895B00F00BFEB17 = {
						CreatedOnToolsVersion = 13.2.1;
					};
					A3C5717E2895B01100BFEB17 = {
						CreatedOnToolsVersion = 13.2.1;
						TestTargetID = A3C571682895B00F00BFEB17;
					};
					A3C571882895B01100BFEB17 = {
						CreatedOnToolsVersion = 13.2.1;
						TestTargetID = A3C571682895B00F00BFEB17;
					};
				};
			};
			buildConfigurationList = A3C571642895B00F00BFEB17 /* Build configuration list for PBXProject "Deezer" */;
			compatibilityVersion = "Xcode 13.0";
			developmentRegion = en;
			hasScannedForEncodings = 0;
			knownRegions = (
				en,
				Base,
			);
			mainGroup = A3C571602895B00F00BFEB17;
			productRefGroup = A3C5716A2895B00F00BFEB17 /* Products */;
			projectDirPath = "";
			projectRoot = "";
			targets = (
				A3C571682895B00F00BFEB17 /* Deezer */,
				A3C5717E2895B01100BFEB17 /* DeezerTests */,
				A3C571882895B01100BFEB17 /* DeezerUITests */,
			);
		};
/* End PBXProject section */

/* Begin PBXResourcesBuildPhase section */
		A3C571672895B00F00BFEB17 /* Resources */ = {
			isa = PBXResourcesBuildPhase;
			buildActionMask = 2147483647;
			files = (
				A3C571792895B01100BFEB17 /* LaunchScreen.storyboard in Resources */,
				A3C571762895B01100BFEB17 /* Assets.xcassets in Resources */,
			);
			runOnlyForDeploymentPostprocessing = 0;
		};
		A3C5717D2895B01100BFEB17 /* Resources */ = {
			isa = PBXResourcesBuildPhase;
			buildActionMask = 2147483647;
			files = (
			);
			runOnlyForDeploymentPostprocessing = 0;
		};
		A3C571872895B01100BFEB17 /* Resources */ = {
			isa = PBXResourcesBuildPhase;
			buildActionMask = 2147483647;
			files = (
			);
			runOnlyForDeploymentPostprocessing = 0;
		};
/* End PBXResourcesBuildPhase section */

/* Begin PBXSourcesBuildPhase section */
		A3C571652895B00F00BFEB17 /* Sources */ = {
			isa = PBXSourcesBuildPhase;
			buildActionMask = 2147483647;
			files = (
				A3C571C22895BFFD00BFEB17 /* LoginViewController.swift in Sources */,
				A3C571B42895B65700BFEB17 /* Stylable.swift in Sources */,
				A3C571A12895B12D00BFEB17 /* InitialViewController.swift in Sources */,
				A3C571C42895C03000BFEB17 /* LoginView.swift in Sources */,
				A3C571B12895B56900BFEB17 /* InitialView.swift in Sources */,
				A3C5716D2895B00F00BFEB17 /* AppDelegate.swift in Sources */,
				A3C571AD2895B4EC00BFEB17 /* UIImage+Deezer.swift in Sources */,
				A3C571AA2895B4AB00BFEB17 /* GenerateUIColor.swift in Sources */,
				A3C571CE2895D19F00BFEB17 /* RegisterView.swift in Sources */,
				A3C571BF2895BCD800BFEB17 /* SecondaryButton.swift in Sources */,
				A3C571CC2895D18300BFEB17 /* RegisterViewController.swift in Sources */,
				A3C571BD2895B9E500BFEB17 /* PrimaryButton.swift in Sources */,
				A3C571A62895B42200BFEB17 /* UIColor+Deezer.swift in Sources */,
				A3C571C92895CB2900BFEB17 /* InputTextField.swift in Sources */,
				A3C571C62895C38500BFEB17 /* Navigation.swift in Sources */,
				A3C571AF2895B51A00BFEB17 /* GenerateUIImage.swift in Sources */,
				A3C571B92895B7AF00BFEB17 /* Dimen.swift in Sources */,
				A3C5716F2895B00F00BFEB17 /* SceneDelegate.swift in Sources */,
				A3C571B72895B6AA00BFEB17 /* UIView+Deezer.swift in Sources */,
			);
			runOnlyForDeploymentPostprocessing = 0;
		};
		A3C5717B2895B01100BFEB17 /* Sources */ = {
			isa = PBXSourcesBuildPhase;
			buildActionMask = 2147483647;
			files = (
				A3C571842895B01100BFEB17 /* DeezerTests.swift in Sources */,
			);
			runOnlyForDeploymentPostprocessing = 0;
		};
		A3C571852895B01100BFEB17 /* Sources */ = {
			isa = PBXSourcesBuildPhase;
			buildActionMask = 2147483647;
			files = (
				A3C5718E2895B01100BFEB17 /* DeezerUITests.swift in Sources */,
				A3C571902895B01100BFEB17 /* DeezerUITestsLaunchTests.swift in Sources */,
			);
			runOnlyForDeploymentPostprocessing = 0;
		};
/* End PBXSourcesBuildPhase section */

/* Begin PBXTargetDependency section */
		A3C571812895B01100BFEB17 /* PBXTargetDependency */ = {
			isa = PBXTargetDependency;
			target = A3C571682895B00F00BFEB17 /* Deezer */;
			targetProxy = A3C571802895B01100BFEB17 /* PBXContainerItemProxy */;
		};
		A3C5718B2895B01100BFEB17 /* PBXTargetDependency */ = {
			isa = PBXTargetDependency;
			target = A3C571682895B00F00BFEB17 /* Deezer */;
			targetProxy = A3C5718A2895B01100BFEB17 /* PBXContainerItemProxy */;
		};
/* End PBXTargetDependency section */

/* Begin PBXVariantGroup section */
		A3C571772895B01100BFEB17 /* LaunchScreen.storyboard */ = {
			isa = PBXVariantGroup;
			children = (
				A3C571782895B01100BFEB17 /* Base */,
			);
			name = LaunchScreen.storyboard;
			sourceTree = "<group>";
		};
/* End PBXVariantGroup section */

/* Begin XCBuildConfiguration section */
		A3C571912895B01100BFEB17 /* Debug */ = {
			isa = XCBuildConfiguration;
			buildSettings = {
				ALWAYS_SEARCH_USER_PATHS = NO;
				CLANG_ANALYZER_NONNULL = YES;
				CLANG_ANALYZER_NUMBER_OBJECT_CONVERSION = YES_AGGRESSIVE;
				CLANG_CXX_LANGUAGE_STANDARD = "gnu++17";
				CLANG_CXX_LIBRARY = "libc++";
				CLANG_ENABLE_MODULES = YES;
				CLANG_ENABLE_OBJC_ARC = YES;
				CLANG_ENABLE_OBJC_WEAK = YES;
				CLANG_WARN_BLOCK_CAPTURE_AUTORELEASING = YES;
				CLANG_WARN_BOOL_CONVERSION = YES;
				CLANG_WARN_COMMA = YES;
				CLANG_WARN_CONSTANT_CONVERSION = YES;
				CLANG_WARN_DEPRECATED_OBJC_IMPLEMENTATIONS = YES;
				CLANG_WARN_DIRECT_OBJC_ISA_USAGE = YES_ERROR;
				CLANG_WARN_DOCUMENTATION_COMMENTS = YES;
				CLANG_WARN_EMPTY_BODY = YES;
				CLANG_WARN_ENUM_CONVERSION = YES;
				CLANG_WARN_INFINITE_RECURSION = YES;
				CLANG_WARN_INT_CONVERSION = YES;
				CLANG_WARN_NON_LITERAL_NULL_CONVERSION = YES;
				CLANG_WARN_OBJC_IMPLICIT_RETAIN_SELF = YES;
				CLANG_WARN_OBJC_LITERAL_CONVERSION = YES;
				CLANG_WARN_OBJC_ROOT_CLASS = YES_ERROR;
				CLANG_WARN_QUOTED_INCLUDE_IN_FRAMEWORK_HEADER = YES;
				CLANG_WARN_RANGE_LOOP_ANALYSIS = YES;
				CLANG_WARN_STRICT_PROTOTYPES = YES;
				CLANG_WARN_SUSPICIOUS_MOVE = YES;
				CLANG_WARN_UNGUARDED_AVAILABILITY = YES_AGGRESSIVE;
				CLANG_WARN_UNREACHABLE_CODE = YES;
				CLANG_WARN__DUPLICATE_METHOD_MATCH = YES;
				COPY_PHASE_STRIP = NO;
				DEBUG_INFORMATION_FORMAT = dwarf;
				ENABLE_STRICT_OBJC_MSGSEND = YES;
				ENABLE_TESTABILITY = YES;
				GCC_C_LANGUAGE_STANDARD = gnu11;
				GCC_DYNAMIC_NO_PIC = NO;
				GCC_NO_COMMON_BLOCKS = YES;
				GCC_OPTIMIZATION_LEVEL = 0;
				GCC_PREPROCESSOR_DEFINITIONS = (
					"DEBUG=1",
					"$(inherited)",
				);
				GCC_WARN_64_TO_32_BIT_CONVERSION = YES;
				GCC_WARN_ABOUT_RETURN_TYPE = YES_ERROR;
				GCC_WARN_UNDECLARED_SELECTOR = YES;
				GCC_WARN_UNINITIALIZED_AUTOS = YES_AGGRESSIVE;
				GCC_WARN_UNUSED_FUNCTION = YES;
				GCC_WARN_UNUSED_VARIABLE = YES;
				IPHONEOS_DEPLOYMENT_TARGET = 15.2;
				MTL_ENABLE_DEBUG_INFO = INCLUDE_SOURCE;
				MTL_FAST_MATH = YES;
				ONLY_ACTIVE_ARCH = YES;
				SDKROOT = iphoneos;
				SWIFT_ACTIVE_COMPILATION_CONDITIONS = DEBUG;
				SWIFT_OPTIMIZATION_LEVEL = "-Onone";
			};
			name = Debug;
		};
		A3C571922895B01100BFEB17 /* Release */ = {
			isa = XCBuildConfiguration;
			buildSettings = {
				ALWAYS_SEARCH_USER_PATHS = NO;
				CLANG_ANALYZER_NONNULL = YES;
				CLANG_ANALYZER_NUMBER_OBJECT_CONVERSION = YES_AGGRESSIVE;
				CLANG_CXX_LANGUAGE_STANDARD = "gnu++17";
				CLANG_CXX_LIBRARY = "libc++";
				CLANG_ENABLE_MODULES = YES;
				CLANG_ENABLE_OBJC_ARC = YES;
				CLANG_ENABLE_OBJC_WEAK = YES;
				CLANG_WARN_BLOCK_CAPTURE_AUTORELEASING = YES;
				CLANG_WARN_BOOL_CONVERSION = YES;
				CLANG_WARN_COMMA = YES;
				CLANG_WARN_CONSTANT_CONVERSION = YES;
				CLANG_WARN_DEPRECATED_OBJC_IMPLEMENTATIONS = YES;
				CLANG_WARN_DIRECT_OBJC_ISA_USAGE = YES_ERROR;
				CLANG_WARN_DOCUMENTATION_COMMENTS = YES;
				CLANG_WARN_EMPTY_BODY = YES;
				CLANG_WARN_ENUM_CONVERSION = YES;
				CLANG_WARN_INFINITE_RECURSION = YES;
				CLANG_WARN_INT_CONVERSION = YES;
				CLANG_WARN_NON_LITERAL_NULL_CONVERSION = YES;
				CLANG_WARN_OBJC_IMPLICIT_RETAIN_SELF = YES;
				CLANG_WARN_OBJC_LITERAL_CONVERSION = YES;
				CLANG_WARN_OBJC_ROOT_CLASS = YES_ERROR;
				CLANG_WARN_QUOTED_INCLUDE_IN_FRAMEWORK_HEADER = YES;
				CLANG_WARN_RANGE_LOOP_ANALYSIS = YES;
				CLANG_WARN_STRICT_PROTOTYPES = YES;
				CLANG_WARN_SUSPICIOUS_MOVE = YES;
				CLANG_WARN_UNGUARDED_AVAILABILITY = YES_AGGRESSIVE;
				CLANG_WARN_UNREACHABLE_CODE = YES;
				CLANG_WARN__DUPLICATE_METHOD_MATCH = YES;
				COPY_PHASE_STRIP = NO;
				DEBUG_INFORMATION_FORMAT = "dwarf-with-dsym";
				ENABLE_NS_ASSERTIONS = NO;
				ENABLE_STRICT_OBJC_MSGSEND = YES;
				GCC_C_LANGUAGE_STANDARD = gnu11;
				GCC_NO_COMMON_BLOCKS = YES;
				GCC_WARN_64_TO_32_BIT_CONVERSION = YES;
				GCC_WARN_ABOUT_RETURN_TYPE = YES_ERROR;
				GCC_WARN_UNDECLARED_SELECTOR = YES;
				GCC_WARN_UNINITIALIZED_AUTOS = YES_AGGRESSIVE;
				GCC_WARN_UNUSED_FUNCTION = YES;
				GCC_WARN_UNUSED_VARIABLE = YES;
				IPHONEOS_DEPLOYMENT_TARGET = 15.2;
				MTL_ENABLE_DEBUG_INFO = NO;
				MTL_FAST_MATH = YES;
				SDKROOT = iphoneos;
				SWIFT_COMPILATION_MODE = wholemodule;
				SWIFT_OPTIMIZATION_LEVEL = "-O";
				VALIDATE_PRODUCT = YES;
			};
			name = Release;
		};
		A3C571942895B01100BFEB17 /* Debug */ = {
			isa = XCBuildConfiguration;
			buildSettings = {
				ASSETCATALOG_COMPILER_APPICON_NAME = AppIcon;
				ASSETCATALOG_COMPILER_GLOBAL_ACCENT_COLOR_NAME = AccentColor;
				CODE_SIGN_STYLE = Automatic;
				CURRENT_PROJECT_VERSION = 1;
				DEVELOPMENT_TEAM = GM2YUUZ32A;
				GENERATE_INFOPLIST_FILE = YES;
				INFOPLIST_FILE = Deezer/Info.plist;
				INFOPLIST_KEY_UIApplicationSupportsIndirectInputEvents = YES;
				INFOPLIST_KEY_UILaunchStoryboardName = LaunchScreen;
				INFOPLIST_KEY_UISupportedInterfaceOrientations_iPad = "UIInterfaceOrientationPortrait UIInterfaceOrientationPortraitUpsideDown UIInterfaceOrientationLandscapeLeft UIInterfaceOrientationLandscapeRight";
				INFOPLIST_KEY_UISupportedInterfaceOrientations_iPhone = "UIInterfaceOrientationPortrait UIInterfaceOrientationLandscapeLeft UIInterfaceOrientationLandscapeRight";
				LD_RUNPATH_SEARCH_PATHS = (
					"$(inherited)",
					"@executable_path/Frameworks",
				);
				MARKETING_VERSION = 1.0;
				PRODUCT_BUNDLE_IDENTIFIER = com.simim.Deezer;
				PRODUCT_NAME = "$(TARGET_NAME)";
				SWIFT_EMIT_LOC_STRINGS = YES;
				SWIFT_VERSION = 5.0;
				TARGETED_DEVICE_FAMILY = "1,2";
			};
			name = Debug;
		};
		A3C571952895B01100BFEB17 /* Release */ = {
			isa = XCBuildConfiguration;
			buildSettings = {
				ASSETCATALOG_COMPILER_APPICON_NAME = AppIcon;
				ASSETCATALOG_COMPILER_GLOBAL_ACCENT_COLOR_NAME = AccentColor;
				CODE_SIGN_STYLE = Automatic;
				CURRENT_PROJECT_VERSION = 1;
				DEVELOPMENT_TEAM = GM2YUUZ32A;
				GENERATE_INFOPLIST_FILE = YES;
				INFOPLIST_FILE = Deezer/Info.plist;
				INFOPLIST_KEY_UIApplicationSupportsIndirectInputEvents = YES;
				INFOPLIST_KEY_UILaunchStoryboardName = LaunchScreen;
				INFOPLIST_KEY_UISupportedInterfaceOrientations_iPad = "UIInterfaceOrientationPortrait UIInterfaceOrientationPortraitUpsideDown UIInterfaceOrientationLandscapeLeft UIInterfaceOrientationLandscapeRight";
				INFOPLIST_KEY_UISupportedInterfaceOrientations_iPhone = "UIInterfaceOrientationPortrait UIInterfaceOrientationLandscapeLeft UIInterfaceOrientationLandscapeRight";
				LD_RUNPATH_SEARCH_PATHS = (
					"$(inherited)",
					"@executable_path/Frameworks",
				);
				MARKETING_VERSION = 1.0;
				PRODUCT_BUNDLE_IDENTIFIER = com.simim.Deezer;
				PRODUCT_NAME = "$(TARGET_NAME)";
				SWIFT_EMIT_LOC_STRINGS = YES;
				SWIFT_VERSION = 5.0;
				TARGETED_DEVICE_FAMILY = "1,2";
			};
			name = Release;
		};
		A3C571972895B01100BFEB17 /* Debug */ = {
			isa = XCBuildConfiguration;
			buildSettings = {
				ALWAYS_EMBED_SWIFT_STANDARD_LIBRARIES = YES;
				BUNDLE_LOADER = "$(TEST_HOST)";
				CODE_SIGN_STYLE = Automatic;
				CURRENT_PROJECT_VERSION = 1;
				DEVELOPMENT_TEAM = GM2YUUZ32A;
				GENERATE_INFOPLIST_FILE = YES;
				IPHONEOS_DEPLOYMENT_TARGET = 15.2;
				MARKETING_VERSION = 1.0;
				PRODUCT_BUNDLE_IDENTIFIER = com.simim.DeezerTests;
				PRODUCT_NAME = "$(TARGET_NAME)";
				SWIFT_EMIT_LOC_STRINGS = NO;
				SWIFT_VERSION = 5.0;
				TARGETED_DEVICE_FAMILY = "1,2";
				TEST_HOST = "$(BUILT_PRODUCTS_DIR)/Deezer.app/Deezer";
			};
			name = Debug;
		};
		A3C571982895B01100BFEB17 /* Release */ = {
			isa = XCBuildConfiguration;
			buildSettings = {
				ALWAYS_EMBED_SWIFT_STANDARD_LIBRARIES = YES;
				BUNDLE_LOADER = "$(TEST_HOST)";
				CODE_SIGN_STYLE = Automatic;
				CURRENT_PROJECT_VERSION = 1;
				DEVELOPMENT_TEAM = GM2YUUZ32A;
				GENERATE_INFOPLIST_FILE = YES;
				IPHONEOS_DEPLOYMENT_TARGET = 15.2;
				MARKETING_VERSION = 1.0;
				PRODUCT_BUNDLE_IDENTIFIER = com.simim.DeezerTests;
				PRODUCT_NAME = "$(TARGET_NAME)";
				SWIFT_EMIT_LOC_STRINGS = NO;
				SWIFT_VERSION = 5.0;
				TARGETED_DEVICE_FAMILY = "1,2";
				TEST_HOST = "$(BUILT_PRODUCTS_DIR)/Deezer.app/Deezer";
			};
			name = Release;
		};
		A3C5719A2895B01100BFEB17 /* Debug */ = {
			isa = XCBuildConfiguration;
			buildSettings = {
				ALWAYS_EMBED_SWIFT_STANDARD_LIBRARIES = YES;
				CODE_SIGN_STYLE = Automatic;
				CURRENT_PROJECT_VERSION = 1;
				DEVELOPMENT_TEAM = GM2YUUZ32A;
				GENERATE_INFOPLIST_FILE = YES;
				MARKETING_VERSION = 1.0;
				PRODUCT_BUNDLE_IDENTIFIER = com.simim.DeezerUITests;
				PRODUCT_NAME = "$(TARGET_NAME)";
				SWIFT_EMIT_LOC_STRINGS = NO;
				SWIFT_VERSION = 5.0;
				TARGETED_DEVICE_FAMILY = "1,2";
				TEST_TARGET_NAME = Deezer;
			};
			name = Debug;
		};
		A3C5719B2895B01100BFEB17 /* Release */ = {
			isa = XCBuildConfiguration;
			buildSettings = {
				ALWAYS_EMBED_SWIFT_STANDARD_LIBRARIES = YES;
				CODE_SIGN_STYLE = Automatic;
				CURRENT_PROJECT_VERSION = 1;
				DEVELOPMENT_TEAM = GM2YUUZ32A;
				GENERATE_INFOPLIST_FILE = YES;
				MARKETING_VERSION = 1.0;
				PRODUCT_BUNDLE_IDENTIFIER = com.simim.DeezerUITests;
				PRODUCT_NAME = "$(TARGET_NAME)";
				SWIFT_EMIT_LOC_STRINGS = NO;
				SWIFT_VERSION = 5.0;
				TARGETED_DEVICE_FAMILY = "1,2";
				TEST_TARGET_NAME = Deezer;
			};
			name = Release;
		};
/* End XCBuildConfiguration section */

/* Begin XCConfigurationList section */
		A3C571642895B00F00BFEB17 /* Build configuration list for PBXProject "Deezer" */ = {
			isa = XCConfigurationList;
			buildConfigurations = (
				A3C571912895B01100BFEB17 /* Debug */,
				A3C571922895B01100BFEB17 /* Release */,
			);
			defaultConfigurationIsVisible = 0;
			defaultConfigurationName = Release;
		};
		A3C571932895B01100BFEB17 /* Build configuration list for PBXNativeTarget "Deezer" */ = {
			isa = XCConfigurationList;
			buildConfigurations = (
				A3C571942895B01100BFEB17 /* Debug */,
				A3C571952895B01100BFEB17 /* Release */,
			);
			defaultConfigurationIsVisible = 0;
			defaultConfigurationName = Release;
		};
		A3C571962895B01100BFEB17 /* Build configuration list for PBXNativeTarget "DeezerTests" */ = {
			isa = XCConfigurationList;
			buildConfigurations = (
				A3C571972895B01100BFEB17 /* Debug */,
				A3C571982895B01100BFEB17 /* Release */,
			);
			defaultConfigurationIsVisible = 0;
			defaultConfigurationName = Release;
		};
		A3C571992895B01100BFEB17 /* Build configuration list for PBXNativeTarget "DeezerUITests" */ = {
			isa = XCConfigurationList;
			buildConfigurations = (
				A3C5719A2895B01100BFEB17 /* Debug */,
				A3C5719B2895B01100BFEB17 /* Release */,
			);
			defaultConfigurationIsVisible = 0;
			defaultConfigurationName = Release;
		};
/* End XCConfigurationList section */
	};
	rootObject = A3C571612895B00F00BFEB17 /* Project object */;
}
